{
  "version": 4,
  "terraform_version": "1.9.8",
  "serial": 310,
  "lineage": "747e6ab8-d7af-7ea7-a61e-54321b5bc4ca",
  "outputs": {},
  "resources": [
    {
      "module": "module.myvpc",
      "mode": "managed",
      "type": "aws_eip",
      "name": "eip",
      "provider": "provider[\"registry.terraform.io/hashicorp/aws\"]",
      "instances": [
        {
          "schema_version": 0,
          "attributes": {
            "address": null,
            "allocation_id": "eipalloc-041eb8155ad1a1812",
            "arn": "arn:aws:ec2:us-east-1:119725011279:elastic-ip/eipalloc-041eb8155ad1a1812",
            "associate_with_private_ip": null,
            "association_id": "",
            "carrier_ip": "",
            "customer_owned_ip": "",
            "customer_owned_ipv4_pool": "",
            "domain": "vpc",
            "id": "eipalloc-041eb8155ad1a1812",
            "instance": "",
            "ipam_pool_id": null,
            "network_border_group": "us-east-1",
            "network_interface": "",
            "private_dns": null,
            "private_ip": "",
            "ptr_record": "",
            "public_dns": "ec2-54-161-200-198.compute-1.amazonaws.com",
            "public_ip": "54.161.200.198",
            "public_ipv4_pool": "amazon",
            "tags": null,
            "tags_all": {},
            "timeouts": null,
            "vpc": true
          },
          "sensitive_attributes": [],
          "private": "eyJlMmJmYjczMC1lY2FhLTExZTYtOGY4OC0zNDM2M2JjN2M0YzAiOnsiZGVsZXRlIjoxODAwMDAwMDAwMDAsInJlYWQiOjkwMDAwMDAwMDAwMCwidXBkYXRlIjozMDAwMDAwMDAwMDB9fQ=="
        }
      ]
    },
    {
      "module": "module.myvpc",
      "mode": "managed",
      "type": "aws_instance",
      "name": "wordpress",
      "provider": "provider[\"registry.terraform.io/hashicorp/aws\"]",
      "instances": [
        {
          "schema_version": 1,
          "attributes": {
            "ami": "ami-053b0d53c279acc90",
            "arn": "arn:aws:ec2:us-east-1:119725011279:instance/i-08eff0e54147f9468",
            "associate_public_ip_address": true,
            "availability_zone": "us-east-1a",
            "capacity_reservation_specification": [
              {
                "capacity_reservation_preference": "open",
                "capacity_reservation_target": []
              }
            ],
            "cpu_core_count": 1,
            "cpu_options": [
              {
                "amd_sev_snp": "",
                "core_count": 1,
                "threads_per_core": 1
              }
            ],
            "cpu_threads_per_core": 1,
            "credit_specification": [
              {
                "cpu_credits": "standard"
              }
            ],
            "disable_api_stop": false,
            "disable_api_termination": false,
            "ebs_block_device": [],
            "ebs_optimized": false,
            "enclave_options": [
              {
                "enabled": false
              }
            ],
            "ephemeral_block_device": [],
            "get_password_data": false,
            "hibernation": false,
            "host_id": "",
            "host_resource_group_arn": null,
            "iam_instance_profile": "",
            "id": "i-08eff0e54147f9468",
            "instance_initiated_shutdown_behavior": "stop",
            "instance_lifecycle": "",
            "instance_market_options": [],
            "instance_state": "running",
            "instance_type": "t2.micro",
            "ipv6_address_count": 0,
            "ipv6_addresses": [],
            "key_name": "mykey",
            "launch_template": [],
            "maintenance_options": [
              {
                "auto_recovery": "default"
              }
            ],
            "metadata_options": [
              {
                "http_endpoint": "enabled",
                "http_protocol_ipv6": "disabled",
                "http_put_response_hop_limit": 1,
                "http_tokens": "optional",
                "instance_metadata_tags": "disabled"
              }
            ],
            "monitoring": false,
            "network_interface": [],
            "outpost_arn": "",
            "password_data": "",
            "placement_group": "",
            "placement_partition_number": 0,
            "primary_network_interface_id": "eni-0934b2922f854f8ca",
            "private_dns": "ip-10-100-1-238.ec2.internal",
            "private_dns_name_options": [
              {
                "enable_resource_name_dns_a_record": false,
                "enable_resource_name_dns_aaaa_record": false,
                "hostname_type": "ip-name"
              }
            ],
            "private_ip": "10.100.1.238",
            "public_dns": "",
            "public_ip": "44.204.200.210",
            "root_block_device": [
              {
                "delete_on_termination": true,
                "device_name": "/dev/sda1",
                "encrypted": false,
                "iops": 100,
                "kms_key_id": "",
                "tags": {},
                "tags_all": {},
                "throughput": 0,
                "volume_id": "vol-0628d080022d91031",
                "volume_size": 8,
                "volume_type": "gp2"
              }
            ],
            "secondary_private_ips": [],
            "security_groups": [
              "sg-0cb0d8bb9019a121a"
            ],
            "source_dest_check": true,
            "spot_instance_request_id": "",
            "subnet_id": "subnet-04c6fae1b472a761a",
            "tags": null,
            "tags_all": {},
            "tenancy": "default",
            "timeouts": null,
            "user_data": null,
            "user_data_base64": null,
            "user_data_replace_on_change": false,
            "volume_tags": null,
            "vpc_security_group_ids": [
              "sg-0cb0d8bb9019a121a"
            ]
          },
          "sensitive_attributes": [],
          "private": "eyJlMmJmYjczMC1lY2FhLTExZTYtOGY4OC0zNDM2M2JjN2M0YzAiOnsiY3JlYXRlIjo2MDAwMDAwMDAwMDAsImRlbGV0ZSI6MTIwMDAwMDAwMDAwMCwicmVhZCI6OTAwMDAwMDAwMDAwLCJ1cGRhdGUiOjYwMDAwMDAwMDAwMH0sInNjaGVtYV92ZXJzaW9uIjoiMSJ9",
          "dependencies": [
            "module.myvpc.aws_key_pair.deployer",
            "module.myvpc.aws_security_group.allow_ssh",
            "module.myvpc.aws_subnet.public1",
            "module.myvpc.aws_vpc.this",
            "module.myvpc.tls_private_key.my_key"
          ]
        }
      ]
    },
    {
      "module": "module.myvpc",
      "mode": "managed",
      "type": "aws_internet_gateway",
      "name": "igw",
      "provider": "provider[\"registry.terraform.io/hashicorp/aws\"]",
      "instances": [
        {
          "schema_version": 0,
          "attributes": {
            "arn": "arn:aws:ec2:us-east-1:119725011279:internet-gateway/igw-0bd27f0543b469816",
            "id": "igw-0bd27f0543b469816",
            "owner_id": "119725011279",
            "tags": {
              "Name": "upgrad-igw"
            },
            "tags_all": {
              "Name": "upgrad-igw"
            },
            "timeouts": null,
            "vpc_id": "vpc-08134895f7970510f"
          },
          "sensitive_attributes": [],
          "private": "eyJlMmJmYjczMC1lY2FhLTExZTYtOGY4OC0zNDM2M2JjN2M0YzAiOnsiY3JlYXRlIjoxMjAwMDAwMDAwMDAwLCJkZWxldGUiOjEyMDAwMDAwMDAwMDAsInVwZGF0ZSI6MTIwMDAwMDAwMDAwMH19",
          "dependencies": [
            "module.myvpc.aws_vpc.this"
          ]
        }
      ]
    },
    {
      "module": "module.myvpc",
      "mode": "managed",
      "type": "aws_key_pair",
      "name": "deployer",
      "provider": "provider[\"registry.terraform.io/hashicorp/aws\"]",
      "instances": [
        {
          "schema_version": 1,
          "attributes": {
            "arn": "arn:aws:ec2:us-east-1:119725011279:key-pair/mykey",
            "fingerprint": "d6:9b:33:75:bf:90:09:81:e8:28:9d:f2:14:c9:3a:de",
            "id": "mykey",
            "key_name": "mykey",
            "key_name_prefix": "",
            "key_pair_id": "key-0e2b1ad4fb18d03d7",
            "key_type": "rsa",
            "public_key": "ssh-rsa AAAAB3NzaC1yc2EAAAADAQABAAABAQC9YLoX+xKsC1XveiRrnx/jfhkONpV5fPVqb6tHnhYpePDSWFS66rmJHesusN7lsBOu0ShEO6zlvB1Jjk3YGQE5ydD7UmBcUqA12mSyUb+Q+PQEtnQFimkQrc1T9YktRpfiLkEXIgbsaKm0Cka/BeLEyZjxullxibb8ClMCizCrX4uXKihVqIKHxQmRZ4nOog07MGxIT8LQg42sV6koMt/pFlhc0xCurzA0/VGIssH5vM5DlW+Bc/Vkv7GWPRM4JGs+1FjfVAMQZHcT4fitTxTN9Ni4loV0JQFrHUlp85PXVJdwzHpNS2Bx0aDj3XVXKFDpegnedxTw1gyDCQgpLY35",
            "tags": null,
            "tags_all": {}
          },
          "sensitive_attributes": [],
          "private": "eyJzY2hlbWFfdmVyc2lvbiI6IjEifQ==",
          "dependencies": [
            "module.myvpc.tls_private_key.my_key"
          ]
        }
      ]
    },
    {
      "module": "module.myvpc",
      "mode": "managed",
      "type": "aws_nat_gateway",
      "name": "nat",
      "provider": "provider[\"registry.terraform.io/hashicorp/aws\"]",
      "instances": [
        {
          "schema_version": 0,
          "attributes": {
            "allocation_id": "eipalloc-041eb8155ad1a1812",
            "association_id": "eipassoc-03d752649cd2cea52",
            "connectivity_type": "public",
            "id": "nat-0bcbbcaf93c60c142",
            "network_interface_id": "eni-0b9e3f3aa12756b45",
            "private_ip": "10.100.1.106",
            "public_ip": "54.161.200.198",
            "secondary_allocation_ids": null,
            "secondary_private_ip_address_count": 0,
            "secondary_private_ip_addresses": [],
            "subnet_id": "subnet-04c6fae1b472a761a",
            "tags": {
              "Name": "upgrad-nat"
            },
            "tags_all": {
              "Name": "upgrad-nat"
            },
            "timeouts": null
          },
          "sensitive_attributes": [],
          "private": "eyJlMmJmYjczMC1lY2FhLTExZTYtOGY4OC0zNDM2M2JjN2M0YzAiOnsiY3JlYXRlIjo2MDAwMDAwMDAwMDAsImRlbGV0ZSI6MTgwMDAwMDAwMDAwMCwidXBkYXRlIjo2MDAwMDAwMDAwMDB9fQ==",
          "dependencies": [
            "module.myvpc.aws_eip.eip",
            "module.myvpc.aws_subnet.public1",
            "module.myvpc.aws_vpc.this"
          ]
        }
      ]
    },
    {
      "module": "module.myvpc",
      "mode": "managed",
      "type": "aws_route_table",
      "name": "private",
      "provider": "provider[\"registry.terraform.io/hashicorp/aws\"]",
      "instances": [
        {
          "schema_version": 0,
          "attributes": {
            "arn": "arn:aws:ec2:us-east-1:119725011279:route-table/rtb-00dfa2e165cfb6fd0",
            "id": "rtb-00dfa2e165cfb6fd0",
            "owner_id": "119725011279",
            "propagating_vgws": [],
            "route": [
              {
                "carrier_gateway_id": "",
                "cidr_block": "0.0.0.0/0",
                "core_network_arn": "",
                "destination_prefix_list_id": "",
                "egress_only_gateway_id": "",
                "gateway_id": "",
                "ipv6_cidr_block": "",
                "local_gateway_id": "",
                "nat_gateway_id": "nat-0bcbbcaf93c60c142",
                "network_interface_id": "",
                "transit_gateway_id": "",
                "vpc_endpoint_id": "",
                "vpc_peering_connection_id": ""
              }
            ],
            "tags": {
              "Name": "private-rt"
            },
            "tags_all": {
              "Name": "private-rt"
            },
            "timeouts": null,
            "vpc_id": "vpc-08134895f7970510f"
          },
          "sensitive_attributes": [],
          "private": "eyJlMmJmYjczMC1lY2FhLTExZTYtOGY4OC0zNDM2M2JjN2M0YzAiOnsiY3JlYXRlIjozMDAwMDAwMDAwMDAsImRlbGV0ZSI6MzAwMDAwMDAwMDAwLCJ1cGRhdGUiOjEyMDAwMDAwMDAwMH19",
          "dependencies": [
            "module.myvpc.aws_eip.eip",
            "module.myvpc.aws_nat_gateway.nat",
            "module.myvpc.aws_subnet.public1",
            "module.myvpc.aws_vpc.this"
          ]
        }
      ]
    },
    {
      "module": "module.myvpc",
      "mode": "managed",
      "type": "aws_route_table",
      "name": "public",
      "provider": "provider[\"registry.terraform.io/hashicorp/aws\"]",
      "instances": [
        {
          "schema_version": 0,
          "attributes": {
            "arn": "arn:aws:ec2:us-east-1:119725011279:route-table/rtb-058bbf27f2baab9b4",
            "id": "rtb-058bbf27f2baab9b4",
            "owner_id": "119725011279",
            "propagating_vgws": [],
            "route": [
              {
                "carrier_gateway_id": "",
                "cidr_block": "0.0.0.0/0",
                "core_network_arn": "",
                "destination_prefix_list_id": "",
                "egress_only_gateway_id": "",
                "gateway_id": "igw-0bd27f0543b469816",
                "ipv6_cidr_block": "",
                "local_gateway_id": "",
                "nat_gateway_id": "",
                "network_interface_id": "",
                "transit_gateway_id": "",
                "vpc_endpoint_id": "",
                "vpc_peering_connection_id": ""
              }
            ],
            "tags": {
              "Name": "public-rt"
            },
            "tags_all": {
              "Name": "public-rt"
            },
            "timeouts": null,
            "vpc_id": "vpc-08134895f7970510f"
          },
          "sensitive_attributes": [],
          "private": "eyJlMmJmYjczMC1lY2FhLTExZTYtOGY4OC0zNDM2M2JjN2M0YzAiOnsiY3JlYXRlIjozMDAwMDAwMDAwMDAsImRlbGV0ZSI6MzAwMDAwMDAwMDAwLCJ1cGRhdGUiOjEyMDAwMDAwMDAwMH19",
          "dependencies": [
            "module.myvpc.aws_internet_gateway.igw",
            "module.myvpc.aws_vpc.this"
          ]
        }
      ]
    },
    {
      "module": "module.myvpc",
      "mode": "managed",
      "type": "aws_route_table_association",
      "name": "private1",
      "provider": "provider[\"registry.terraform.io/hashicorp/aws\"]",
      "instances": [
        {
          "schema_version": 0,
          "attributes": {
            "gateway_id": "",
            "id": "rtbassoc-0282b55772eafa2f2",
            "route_table_id": "rtb-00dfa2e165cfb6fd0",
            "subnet_id": "subnet-012cbeef792b827ce",
            "timeouts": null
          },
          "sensitive_attributes": [],
          "private": "eyJlMmJmYjczMC1lY2FhLTExZTYtOGY4OC0zNDM2M2JjN2M0YzAiOnsiY3JlYXRlIjozMDAwMDAwMDAwMDAsImRlbGV0ZSI6MzAwMDAwMDAwMDAwLCJ1cGRhdGUiOjEyMDAwMDAwMDAwMH19",
          "dependencies": [
            "module.myvpc.aws_eip.eip",
            "module.myvpc.aws_nat_gateway.nat",
            "module.myvpc.aws_route_table.private",
            "module.myvpc.aws_subnet.private1",
            "module.myvpc.aws_subnet.public1",
            "module.myvpc.aws_vpc.this"
          ]
        }
      ]
    },
    {
      "module": "module.myvpc",
      "mode": "managed",
      "type": "aws_route_table_association",
      "name": "private2",
      "provider": "provider[\"registry.terraform.io/hashicorp/aws\"]",
      "instances": [
        {
          "schema_version": 0,
          "attributes": {
            "gateway_id": "",
            "id": "rtbassoc-07411b6a0bc16bcca",
            "route_table_id": "rtb-00dfa2e165cfb6fd0",
            "subnet_id": "subnet-07b70ecba58ab778e",
            "timeouts": null
          },
          "sensitive_attributes": [],
          "private": "eyJlMmJmYjczMC1lY2FhLTExZTYtOGY4OC0zNDM2M2JjN2M0YzAiOnsiY3JlYXRlIjozMDAwMDAwMDAwMDAsImRlbGV0ZSI6MzAwMDAwMDAwMDAwLCJ1cGRhdGUiOjEyMDAwMDAwMDAwMH19",
          "dependencies": [
            "module.myvpc.aws_eip.eip",
            "module.myvpc.aws_nat_gateway.nat",
            "module.myvpc.aws_route_table.private",
            "module.myvpc.aws_subnet.private2",
            "module.myvpc.aws_subnet.public1",
            "module.myvpc.aws_vpc.this"
          ]
        }
      ]
    },
    {
      "module": "module.myvpc",
      "mode": "managed",
      "type": "aws_route_table_association",
      "name": "public1",
      "provider": "provider[\"registry.terraform.io/hashicorp/aws\"]",
      "instances": [
        {
          "schema_version": 0,
          "attributes": {
            "gateway_id": "",
            "id": "rtbassoc-0d3bb0023cad748cb",
            "route_table_id": "rtb-058bbf27f2baab9b4",
            "subnet_id": "subnet-04c6fae1b472a761a",
            "timeouts": null
          },
          "sensitive_attributes": [],
          "private": "eyJlMmJmYjczMC1lY2FhLTExZTYtOGY4OC0zNDM2M2JjN2M0YzAiOnsiY3JlYXRlIjozMDAwMDAwMDAwMDAsImRlbGV0ZSI6MzAwMDAwMDAwMDAwLCJ1cGRhdGUiOjEyMDAwMDAwMDAwMH19",
          "dependencies": [
            "module.myvpc.aws_internet_gateway.igw",
            "module.myvpc.aws_route_table.public",
            "module.myvpc.aws_subnet.public1",
            "module.myvpc.aws_vpc.this"
          ]
        }
      ]
    },
    {
      "module": "module.myvpc",
      "mode": "managed",
      "type": "aws_route_table_association",
      "name": "public2",
      "provider": "provider[\"registry.terraform.io/hashicorp/aws\"]",
      "instances": [
        {
          "schema_version": 0,
          "attributes": {
            "gateway_id": "",
            "id": "rtbassoc-0561ceeb21fed8c07",
            "route_table_id": "rtb-058bbf27f2baab9b4",
            "subnet_id": "subnet-0c755ac43d1ddbb38",
            "timeouts": null
          },
          "sensitive_attributes": [],
          "private": "eyJlMmJmYjczMC1lY2FhLTExZTYtOGY4OC0zNDM2M2JjN2M0YzAiOnsiY3JlYXRlIjozMDAwMDAwMDAwMDAsImRlbGV0ZSI6MzAwMDAwMDAwMDAwLCJ1cGRhdGUiOjEyMDAwMDAwMDAwMH19",
          "dependencies": [
            "module.myvpc.aws_internet_gateway.igw",
            "module.myvpc.aws_route_table.public",
            "module.myvpc.aws_subnet.public2",
            "module.myvpc.aws_vpc.this"
          ]
        }
      ]
    },
    {
      "module": "module.myvpc",
      "mode": "managed",
      "type": "aws_security_group",
      "name": "allow_ssh",
      "provider": "provider[\"registry.terraform.io/hashicorp/aws\"]",
      "instances": [
        {
          "schema_version": 1,
          "attributes": {
            "arn": "arn:aws:ec2:us-east-1:119725011279:security-group/sg-0cb0d8bb9019a121a",
            "description": "Allow SSH inbound traffic",
            "egress": [
              {
                "cidr_blocks": [
                  "0.0.0.0/0"
                ],
                "description": "",
                "from_port": 0,
                "ipv6_cidr_blocks": [
                  "::/0"
                ],
                "prefix_list_ids": [],
                "protocol": "-1",
                "security_groups": [],
                "self": false,
                "to_port": 0
              }
            ],
            "id": "sg-0cb0d8bb9019a121a",
            "ingress": [
              {
                "cidr_blocks": [
                  "0.0.0.0/0"
                ],
                "description": "Allow HTTP",
                "from_port": 80,
                "ipv6_cidr_blocks": [],
                "prefix_list_ids": [],
                "protocol": "tcp",
                "security_groups": [],
                "self": false,
                "to_port": 80
              },
              {
                "cidr_blocks": [
                  "0.0.0.0/0"
                ],
                "description": "Allow SSH",
                "from_port": 22,
                "ipv6_cidr_blocks": [],
                "prefix_list_ids": [],
                "protocol": "tcp",
                "security_groups": [],
                "self": false,
                "to_port": 22
              }
            ],
            "name": "allow_ssh",
            "name_prefix": "",
            "owner_id": "119725011279",
            "revoke_rules_on_delete": false,
            "tags": {
              "Name": "allow_ssh"
            },
            "tags_all": {
              "Name": "allow_ssh"
            },
            "timeouts": null,
            "vpc_id": "vpc-08134895f7970510f"
          },
          "sensitive_attributes": [],
          "private": "eyJlMmJmYjczMC1lY2FhLTExZTYtOGY4OC0zNDM2M2JjN2M0YzAiOnsiY3JlYXRlIjo2MDAwMDAwMDAwMDAsImRlbGV0ZSI6OTAwMDAwMDAwMDAwfSwic2NoZW1hX3ZlcnNpb24iOiIxIn0=",
          "dependencies": [
            "module.myvpc.aws_vpc.this"
          ]
        }
      ]
    },
    {
      "module": "module.myvpc",
      "mode": "managed",
      "type": "aws_subnet",
      "name": "private1",
      "provider": "provider[\"registry.terraform.io/hashicorp/aws\"]",
      "instances": [
        {
          "schema_version": 1,
          "attributes": {
            "arn": "arn:aws:ec2:us-east-1:119725011279:subnet/subnet-012cbeef792b827ce",
            "assign_ipv6_address_on_creation": false,
            "availability_zone": "us-east-1a",
            "availability_zone_id": "use1-az1",
            "cidr_block": "10.100.3.0/24",
            "customer_owned_ipv4_pool": "",
            "enable_dns64": false,
            "enable_lni_at_device_index": 0,
            "enable_resource_name_dns_a_record_on_launch": false,
            "enable_resource_name_dns_aaaa_record_on_launch": false,
            "id": "subnet-012cbeef792b827ce",
            "ipv6_cidr_block": "",
            "ipv6_cidr_block_association_id": "",
            "ipv6_native": false,
            "map_customer_owned_ip_on_launch": false,
            "map_public_ip_on_launch": false,
            "outpost_arn": "",
            "owner_id": "119725011279",
            "private_dns_hostname_type_on_launch": "ip-name",
            "tags": {
              "Name": "upgrad-private-1"
            },
            "tags_all": {
              "Name": "upgrad-private-1"
            },
            "timeouts": null,
            "vpc_id": "vpc-08134895f7970510f"
          },
          "sensitive_attributes": [],
          "private": "eyJlMmJmYjczMC1lY2FhLTExZTYtOGY4OC0zNDM2M2JjN2M0YzAiOnsiY3JlYXRlIjo2MDAwMDAwMDAwMDAsImRlbGV0ZSI6MTIwMDAwMDAwMDAwMH0sInNjaGVtYV92ZXJzaW9uIjoiMSJ9",
          "dependencies": [
            "module.myvpc.aws_vpc.this"
          ]
        }
      ]
    },
    {
      "module": "module.myvpc",
      "mode": "managed",
      "type": "aws_subnet",
      "name": "private2",
      "provider": "provider[\"registry.terraform.io/hashicorp/aws\"]",
      "instances": [
        {
          "schema_version": 1,
          "attributes": {
            "arn": "arn:aws:ec2:us-east-1:119725011279:subnet/subnet-07b70ecba58ab778e",
            "assign_ipv6_address_on_creation": false,
            "availability_zone": "us-east-1b",
            "availability_zone_id": "use1-az2",
            "cidr_block": "10.100.4.0/24",
            "customer_owned_ipv4_pool": "",
            "enable_dns64": false,
            "enable_lni_at_device_index": 0,
            "enable_resource_name_dns_a_record_on_launch": false,
            "enable_resource_name_dns_aaaa_record_on_launch": false,
            "id": "subnet-07b70ecba58ab778e",
            "ipv6_cidr_block": "",
            "ipv6_cidr_block_association_id": "",
            "ipv6_native": false,
            "map_customer_owned_ip_on_launch": false,
            "map_public_ip_on_launch": false,
            "outpost_arn": "",
            "owner_id": "119725011279",
            "private_dns_hostname_type_on_launch": "ip-name",
            "tags": {
              "Name": "upgrad-private-2"
            },
            "tags_all": {
              "Name": "upgrad-private-2"
            },
            "timeouts": null,
            "vpc_id": "vpc-08134895f7970510f"
          },
          "sensitive_attributes": [],
          "private": "eyJlMmJmYjczMC1lY2FhLTExZTYtOGY4OC0zNDM2M2JjN2M0YzAiOnsiY3JlYXRlIjo2MDAwMDAwMDAwMDAsImRlbGV0ZSI6MTIwMDAwMDAwMDAwMH0sInNjaGVtYV92ZXJzaW9uIjoiMSJ9",
          "dependencies": [
            "module.myvpc.aws_vpc.this"
          ]
        }
      ]
    },
    {
      "module": "module.myvpc",
      "mode": "managed",
      "type": "aws_subnet",
      "name": "public1",
      "provider": "provider[\"registry.terraform.io/hashicorp/aws\"]",
      "instances": [
        {
          "schema_version": 1,
          "attributes": {
            "arn": "arn:aws:ec2:us-east-1:119725011279:subnet/subnet-04c6fae1b472a761a",
            "assign_ipv6_address_on_creation": false,
            "availability_zone": "us-east-1a",
            "availability_zone_id": "use1-az1",
            "cidr_block": "10.100.1.0/24",
            "customer_owned_ipv4_pool": "",
            "enable_dns64": false,
            "enable_lni_at_device_index": 0,
            "enable_resource_name_dns_a_record_on_launch": false,
            "enable_resource_name_dns_aaaa_record_on_launch": false,
            "id": "subnet-04c6fae1b472a761a",
            "ipv6_cidr_block": "",
            "ipv6_cidr_block_association_id": "",
            "ipv6_native": false,
            "map_customer_owned_ip_on_launch": false,
            "map_public_ip_on_launch": false,
            "outpost_arn": "",
            "owner_id": "119725011279",
            "private_dns_hostname_type_on_launch": "ip-name",
            "tags": {
              "Name": "upgrad-public-1"
            },
            "tags_all": {
              "Name": "upgrad-public-1"
            },
            "timeouts": null,
            "vpc_id": "vpc-08134895f7970510f"
          },
          "sensitive_attributes": [],
          "private": "eyJlMmJmYjczMC1lY2FhLTExZTYtOGY4OC0zNDM2M2JjN2M0YzAiOnsiY3JlYXRlIjo2MDAwMDAwMDAwMDAsImRlbGV0ZSI6MTIwMDAwMDAwMDAwMH0sInNjaGVtYV92ZXJzaW9uIjoiMSJ9",
          "dependencies": [
            "module.myvpc.aws_vpc.this"
          ]
        }
      ]
    },
    {
      "module": "module.myvpc",
      "mode": "managed",
      "type": "aws_subnet",
      "name": "public2",
      "provider": "provider[\"registry.terraform.io/hashicorp/aws\"]",
      "instances": [
        {
          "schema_version": 1,
          "attributes": {
            "arn": "arn:aws:ec2:us-east-1:119725011279:subnet/subnet-0c755ac43d1ddbb38",
            "assign_ipv6_address_on_creation": false,
            "availability_zone": "us-east-1b",
            "availability_zone_id": "use1-az2",
            "cidr_block": "10.100.2.0/24",
            "customer_owned_ipv4_pool": "",
            "enable_dns64": false,
            "enable_lni_at_device_index": 0,
            "enable_resource_name_dns_a_record_on_launch": false,
            "enable_resource_name_dns_aaaa_record_on_launch": false,
            "id": "subnet-0c755ac43d1ddbb38",
            "ipv6_cidr_block": "",
            "ipv6_cidr_block_association_id": "",
            "ipv6_native": false,
            "map_customer_owned_ip_on_launch": false,
            "map_public_ip_on_launch": false,
            "outpost_arn": "",
            "owner_id": "119725011279",
            "private_dns_hostname_type_on_launch": "ip-name",
            "tags": {
              "Name": "upgrad-public-2"
            },
            "tags_all": {
              "Name": "upgrad-public-2"
            },
            "timeouts": null,
            "vpc_id": "vpc-08134895f7970510f"
          },
          "sensitive_attributes": [],
          "private": "eyJlMmJmYjczMC1lY2FhLTExZTYtOGY4OC0zNDM2M2JjN2M0YzAiOnsiY3JlYXRlIjo2MDAwMDAwMDAwMDAsImRlbGV0ZSI6MTIwMDAwMDAwMDAwMH0sInNjaGVtYV92ZXJzaW9uIjoiMSJ9",
          "dependencies": [
            "module.myvpc.aws_vpc.this"
          ]
        }
      ]
    },
    {
      "module": "module.myvpc",
      "mode": "managed",
      "type": "aws_vpc",
      "name": "this",
      "provider": "provider[\"registry.terraform.io/hashicorp/aws\"]",
      "instances": [
        {
          "schema_version": 1,
          "attributes": {
            "arn": "arn:aws:ec2:us-east-1:119725011279:vpc/vpc-08134895f7970510f",
            "assign_generated_ipv6_cidr_block": false,
            "cidr_block": "10.100.0.0/16",
            "default_network_acl_id": "acl-04d3b879882e100ce",
            "default_route_table_id": "rtb-0fa286b04210d6d1b",
            "default_security_group_id": "sg-07568b4cbc0d63b25",
            "dhcp_options_id": "dopt-0ca4afc030f42efb7",
            "enable_dns_hostnames": false,
            "enable_dns_support": true,
            "enable_network_address_usage_metrics": false,
            "id": "vpc-08134895f7970510f",
            "instance_tenancy": "default",
            "ipv4_ipam_pool_id": null,
            "ipv4_netmask_length": null,
            "ipv6_association_id": "",
            "ipv6_cidr_block": "",
            "ipv6_cidr_block_network_border_group": "",
            "ipv6_ipam_pool_id": "",
            "ipv6_netmask_length": 0,
            "main_route_table_id": "rtb-0fa286b04210d6d1b",
            "owner_id": "119725011279",
            "tags": {
              "Name": "upgrad-vpc"
            },
            "tags_all": {
              "Name": "upgrad-vpc"
            }
          },
          "sensitive_attributes": [],
          "private": "eyJzY2hlbWFfdmVyc2lvbiI6IjEifQ=="
        }
      ]
    },
    {
      "module": "module.myvpc",
      "mode": "managed",
      "type": "local_file",
      "name": "private_key",
      "provider": "provider[\"registry.terraform.io/hashicorp/local\"]",
      "instances": [
        {
          "schema_version": 0,
          "attributes": {
            "content": "-----BEGIN RSA PRIVATE KEY-----\nMIIEpAIBAAKCAQEAvWC6F/sSrAtV73oka58f434ZDjaVeXz1am+rR54WKXjw0lhU\nuuq5iR3rLrDe5bATrtEoRDus5bwdSY5N2BkBOcnQ+1JgXFKgNdpkslG/kPj0BLZ0\nBYppEK3NU/WJLUaX4i5BFyIG7GiptApGvwXixMmY8bpZcYm2/ApTAoswq1+Llyoo\nVaiCh8UJkWeJzqINOzBsSE/C0IONrFepKDLf6RZYXNMQrq8wNP1RiLLB+bzOQ5Vv\ngXP1ZL+xlj0TOCRrPtRY31QDEGR3E+H4rU8UzfTYuJaFdCUBax1JafOT11SXcMx6\nTUtgcdGg4911VyhQ6XoJ3ncU8NYMgwkIKS2N+QIDAQABAoIBAFX3cMKuEL3Ur3/0\nXFAWfe1RMqKHGLd7iBR2+LOcCcdtxTRXMK9hGjQqRrZ9R9HQaj7zZ2oCBOyMxma7\nmI6+WxYWjS1pKaD/SQbpSsi/30w6FtuEz4osWKFfpFO2pDzPTOc5xAZyRd5PbKnz\n+EWCsHxQX4Nr6mpl75DeRuxirwc7oT9ILS3WxxpTlQkmmXOFeSsylHBhHs0/U7lp\nTAKH3xTKCAo3mFg8X41Qmjx2CFR3A5faiCYdV7zW0BEoEm6ZuRc/sx5TMIWzt3Jr\nh5PTLhxHQo39vzKPAVtf9c3dYyXk23+SUl+hkeptMBt0Vc12c3DXSO/merSi6+zS\nci0BY3kCgYEA85mnPI7zhaiMUuI6lfha1VueSn1UAkMrxOSPrOfe80BS/18FygsA\nqYm6Ie1S4BymxdDzC9bIQZqnEgMjA9Ejf8OvKnwRgWf5kt/X2l1PZymC730kfOop\nIc6wpVA004Fuwf+m4doMaRyGylUySwCf9C3M1LPQDJuC1V79FDxged8CgYEAxwSA\n8BiGKxJP+EzOTx5G+KwQLomN8RBuVp6bGz+FHTzUPaR3qwtiLxbtai5P2lap6zNM\n1oVutgZyfJHPUf/lipAMduBbdCy6A3SjRV4jj9bTBTjlUEAz12YHeFHSkZCRIYYp\nc3dTQr9vRGvDRBGfDff5d6xjGWD/KBEllldeoycCgYEA0G8M1ZhLbnYFe3XvQxs6\nPY0jKAGMvFLVRKd8+Cl+bwz+91tLDNHVQzuBdD4ox3I8kM506BBjUR8PDS55624r\nvcqmOufl4qAgwDef7kwhANhYHKsraWbCwxajtw+l48PADWa+WEnGjLnH66ByZBKo\nyrnVpbolrmPx0rhwO7xdoGkCgYEAxQy/gXo2tcS+63FYwFuRF7x9lSZbJPkI1rjZ\niGQfL7C/0Hzcg72UrF0+GujZ5avzN86mYKzizlWZ258fL+h35Pb1cGp6ApAaaTt+\nQTuRaGTisQQBgLDg43/BG6+gFsKWACRvPEVEag1TZOJyBx6PZmxFU+magVFZsdkw\nZygAqvcCgYBCbNMmsFlZzQckE+oAbi9cchUExs6C9I2VuGQh0HBpqVq/49J7/cyg\nHLvAnn9J8wdkqFeWXG+ZuDE+kWwzWod4qjwXivUI692LIye4+oHoQR2d0QcegZPo\nQXWW2IsRGL6vd9ZtUGYtYg8tsiamewLKyH8y+M1fynrY1J6YZBBIRw==\n-----END RSA PRIVATE KEY-----\n",
            "content_base64": null,
            "content_base64sha256": "XQYrHHiikIoFTfo13SVSZkA4xqVZ7U0tfzTIq3Kk8Os=",
            "content_base64sha512": "HDCaYL6OHQkvgdbR5AfCyDog8mX3cF45eIh32cnEFNliAwRHkpdIAjm/wDNnpJZDGyCB82MAu8F2ttcHwcsgwA==",
            "content_md5": "33df8c927bc24445beabd1bb403507f0",
            "content_sha1": "a9351f1dba7a8f9ff1892144cae9648ceab820c7",
            "content_sha256": "5d062b1c78a2908a054dfa35dd2552664038c6a559ed4d2d7f34c8ab72a4f0eb",
            "content_sha512": "1c309a60be8e1d092f81d6d1e407c2c83a20f265f7705e39788877d9c9c414d9620304479297480239bfc03367a496431b2081f36300bbc176b6d707c1cb20c0",
            "directory_permission": "0777",
            "file_permission": "0400",
            "filename": "key.pem",
            "id": "a9351f1dba7a8f9ff1892144cae9648ceab820c7",
            "sensitive_content": null,
            "source": null
          },
          "sensitive_attributes": [
            [
              {
                "type": "get_attr",
                "value": "content"
              }
            ],
            [
              {
                "type": "get_attr",
                "value": "sensitive_content"
              }
            ]
          ],
          "dependencies": [
            "module.myvpc.tls_private_key.my_key"
          ]
        }
      ]
    },
    {
      "module": "module.myvpc",
      "mode": "managed",
      "type": "tls_private_key",
      "name": "my_key",
      "provider": "provider[\"registry.terraform.io/hashicorp/tls\"]",
      "instances": [
        {
          "schema_version": 1,
          "attributes": {
            "algorithm": "RSA",
            "ecdsa_curve": "P224",
            "id": "2157a748cb97c914ef489c90901d09cb86b90632",
            "private_key_openssh": "-----BEGIN OPENSSH PRIVATE KEY-----\nb3BlbnNzaC1rZXktdjEAAAAABG5vbmUAAAAEbm9uZQAAAAAAAAABAAABFwAAAAdz\nc2gtcnNhAAAAAwEAAQAAAQEAvWC6F/sSrAtV73oka58f434ZDjaVeXz1am+rR54W\nKXjw0lhUuuq5iR3rLrDe5bATrtEoRDus5bwdSY5N2BkBOcnQ+1JgXFKgNdpkslG/\nkPj0BLZ0BYppEK3NU/WJLUaX4i5BFyIG7GiptApGvwXixMmY8bpZcYm2/ApTAosw\nq1+LlyooVaiCh8UJkWeJzqINOzBsSE/C0IONrFepKDLf6RZYXNMQrq8wNP1RiLLB\n+bzOQ5VvgXP1ZL+xlj0TOCRrPtRY31QDEGR3E+H4rU8UzfTYuJaFdCUBax1JafOT\n11SXcMx6TUtgcdGg4911VyhQ6XoJ3ncU8NYMgwkIKS2N+QAAA7hvODzzbzg88wAA\nAAdzc2gtcnNhAAABAQC9YLoX+xKsC1XveiRrnx/jfhkONpV5fPVqb6tHnhYpePDS\nWFS66rmJHesusN7lsBOu0ShEO6zlvB1Jjk3YGQE5ydD7UmBcUqA12mSyUb+Q+PQE\ntnQFimkQrc1T9YktRpfiLkEXIgbsaKm0Cka/BeLEyZjxullxibb8ClMCizCrX4uX\nKihVqIKHxQmRZ4nOog07MGxIT8LQg42sV6koMt/pFlhc0xCurzA0/VGIssH5vM5D\nlW+Bc/Vkv7GWPRM4JGs+1FjfVAMQZHcT4fitTxTN9Ni4loV0JQFrHUlp85PXVJdw\nzHpNS2Bx0aDj3XVXKFDpegnedxTw1gyDCQgpLY35AAAAAwEAAQAAAQBV93DCrhC9\n1K9/9FxQFn3tUTKihxi3e4gUdviznAnHbcU0VzCvYRo0Kka2fUfR0Go+82dqAgTs\njMZmu5iOvlsWFo0taSmg/0kG6UrIv99MOhbbhM+KLFihX6RTtqQ8z0znOcQGckXe\nT2yp8/hFgrB8UF+Da+pqZe+Q3kbsYq8HO6E/SC0t1scaU5UJJplzhXkrMpRwYR7N\nP1O5aUwCh98UyggKN5hYPF+NUJo8dghUdwOX2ogmHVe81tARKBJumbkXP7MeUzCF\ns7dya4eT0y4cR0KN/b8yjwFbX/XN3WMl5Nt/klJfoZHqbTAbdFXNdnNw10jv5nq0\nouvs0nItAWN5AAAAgEJs0yawWVnNByQT6gBuL1xyFQTGzoL0jZW4ZCHQcGmpWr/j\n0nv9zKAcu8Cef0nzB2SoV5Zcb5m4MT6RbDNah3iqPBeK9Qjr3YsjJ7j6gehBHZ3R\nBx6Bk+hBdZbYixEYvq931m1QZi1iDy2yJqZ7AsrIfzL4zV/KetjUnphkEEhHAAAA\ngQDzmac8jvOFqIxS4jqV+FrVW55KfVQCQyvE5I+s597zQFL/XwXKCwCpiboh7VLg\nHKbF0PML1shBmqcSAyMD0SN/w68qfBGBZ/mS39faXU9nKYLvfSR86ikhzrClUDTT\ngW7B/6bh2gxpHIbKVTJLAJ/0LczUs9AMm4LVXv0UPGB53wAAAIEAxwSA8BiGKxJP\n+EzOTx5G+KwQLomN8RBuVp6bGz+FHTzUPaR3qwtiLxbtai5P2lap6zNM1oVutgZy\nfJHPUf/lipAMduBbdCy6A3SjRV4jj9bTBTjlUEAz12YHeFHSkZCRIYYpc3dTQr9v\nRGvDRBGfDff5d6xjGWD/KBEllldeoycAAAAAAQID\n-----END OPENSSH PRIVATE KEY-----\n",
            "private_key_pem": "-----BEGIN RSA PRIVATE KEY-----\nMIIEpAIBAAKCAQEAvWC6F/sSrAtV73oka58f434ZDjaVeXz1am+rR54WKXjw0lhU\nuuq5iR3rLrDe5bATrtEoRDus5bwdSY5N2BkBOcnQ+1JgXFKgNdpkslG/kPj0BLZ0\nBYppEK3NU/WJLUaX4i5BFyIG7GiptApGvwXixMmY8bpZcYm2/ApTAoswq1+Llyoo\nVaiCh8UJkWeJzqINOzBsSE/C0IONrFepKDLf6RZYXNMQrq8wNP1RiLLB+bzOQ5Vv\ngXP1ZL+xlj0TOCRrPtRY31QDEGR3E+H4rU8UzfTYuJaFdCUBax1JafOT11SXcMx6\nTUtgcdGg4911VyhQ6XoJ3ncU8NYMgwkIKS2N+QIDAQABAoIBAFX3cMKuEL3Ur3/0\nXFAWfe1RMqKHGLd7iBR2+LOcCcdtxTRXMK9hGjQqRrZ9R9HQaj7zZ2oCBOyMxma7\nmI6+WxYWjS1pKaD/SQbpSsi/30w6FtuEz4osWKFfpFO2pDzPTOc5xAZyRd5PbKnz\n+EWCsHxQX4Nr6mpl75DeRuxirwc7oT9ILS3WxxpTlQkmmXOFeSsylHBhHs0/U7lp\nTAKH3xTKCAo3mFg8X41Qmjx2CFR3A5faiCYdV7zW0BEoEm6ZuRc/sx5TMIWzt3Jr\nh5PTLhxHQo39vzKPAVtf9c3dYyXk23+SUl+hkeptMBt0Vc12c3DXSO/merSi6+zS\nci0BY3kCgYEA85mnPI7zhaiMUuI6lfha1VueSn1UAkMrxOSPrOfe80BS/18FygsA\nqYm6Ie1S4BymxdDzC9bIQZqnEgMjA9Ejf8OvKnwRgWf5kt/X2l1PZymC730kfOop\nIc6wpVA004Fuwf+m4doMaRyGylUySwCf9C3M1LPQDJuC1V79FDxged8CgYEAxwSA\n8BiGKxJP+EzOTx5G+KwQLomN8RBuVp6bGz+FHTzUPaR3qwtiLxbtai5P2lap6zNM\n1oVutgZyfJHPUf/lipAMduBbdCy6A3SjRV4jj9bTBTjlUEAz12YHeFHSkZCRIYYp\nc3dTQr9vRGvDRBGfDff5d6xjGWD/KBEllldeoycCgYEA0G8M1ZhLbnYFe3XvQxs6\nPY0jKAGMvFLVRKd8+Cl+bwz+91tLDNHVQzuBdD4ox3I8kM506BBjUR8PDS55624r\nvcqmOufl4qAgwDef7kwhANhYHKsraWbCwxajtw+l48PADWa+WEnGjLnH66ByZBKo\nyrnVpbolrmPx0rhwO7xdoGkCgYEAxQy/gXo2tcS+63FYwFuRF7x9lSZbJPkI1rjZ\niGQfL7C/0Hzcg72UrF0+GujZ5avzN86mYKzizlWZ258fL+h35Pb1cGp6ApAaaTt+\nQTuRaGTisQQBgLDg43/BG6+gFsKWACRvPEVEag1TZOJyBx6PZmxFU+magVFZsdkw\nZygAqvcCgYBCbNMmsFlZzQckE+oAbi9cchUExs6C9I2VuGQh0HBpqVq/49J7/cyg\nHLvAnn9J8wdkqFeWXG+ZuDE+kWwzWod4qjwXivUI692LIye4+oHoQR2d0QcegZPo\nQXWW2IsRGL6vd9ZtUGYtYg8tsiamewLKyH8y+M1fynrY1J6YZBBIRw==\n-----END RSA PRIVATE KEY-----\n",
            "private_key_pem_pkcs8": "-----BEGIN PRIVATE KEY-----\nMIIEvgIBADANBgkqhkiG9w0BAQEFAASCBKgwggSkAgEAAoIBAQC9YLoX+xKsC1Xv\neiRrnx/jfhkONpV5fPVqb6tHnhYpePDSWFS66rmJHesusN7lsBOu0ShEO6zlvB1J\njk3YGQE5ydD7UmBcUqA12mSyUb+Q+PQEtnQFimkQrc1T9YktRpfiLkEXIgbsaKm0\nCka/BeLEyZjxullxibb8ClMCizCrX4uXKihVqIKHxQmRZ4nOog07MGxIT8LQg42s\nV6koMt/pFlhc0xCurzA0/VGIssH5vM5DlW+Bc/Vkv7GWPRM4JGs+1FjfVAMQZHcT\n4fitTxTN9Ni4loV0JQFrHUlp85PXVJdwzHpNS2Bx0aDj3XVXKFDpegnedxTw1gyD\nCQgpLY35AgMBAAECggEAVfdwwq4QvdSvf/RcUBZ97VEyoocYt3uIFHb4s5wJx23F\nNFcwr2EaNCpGtn1H0dBqPvNnagIE7IzGZruYjr5bFhaNLWkpoP9JBulKyL/fTDoW\n24TPiixYoV+kU7akPM9M5znEBnJF3k9sqfP4RYKwfFBfg2vqamXvkN5G7GKvBzuh\nP0gtLdbHGlOVCSaZc4V5KzKUcGEezT9TuWlMAoffFMoICjeYWDxfjVCaPHYIVHcD\nl9qIJh1XvNbQESgSbpm5Fz+zHlMwhbO3cmuHk9MuHEdCjf2/Mo8BW1/1zd1jJeTb\nf5JSX6GR6m0wG3RVzXZzcNdI7+Z6tKLr7NJyLQFjeQKBgQDzmac8jvOFqIxS4jqV\n+FrVW55KfVQCQyvE5I+s597zQFL/XwXKCwCpiboh7VLgHKbF0PML1shBmqcSAyMD\n0SN/w68qfBGBZ/mS39faXU9nKYLvfSR86ikhzrClUDTTgW7B/6bh2gxpHIbKVTJL\nAJ/0LczUs9AMm4LVXv0UPGB53wKBgQDHBIDwGIYrEk/4TM5PHkb4rBAuiY3xEG5W\nnpsbP4UdPNQ9pHerC2IvFu1qLk/aVqnrM0zWhW62BnJ8kc9R/+WKkAx24Ft0LLoD\ndKNFXiOP1tMFOOVQQDPXZgd4UdKRkJEhhilzd1NCv29Ea8NEEZ8N9/l3rGMZYP8o\nESWWV16jJwKBgQDQbwzVmEtudgV7de9DGzo9jSMoAYy8UtVEp3z4KX5vDP73W0sM\n0dVDO4F0PijHcjyQznToEGNRHw8NLnnrbiu9yqY65+XioCDAN5/uTCEA2Fgcqytp\nZsLDFqO3D6Xjw8ANZr5YScaMucfroHJkEqjKudWluiWuY/HSuHA7vF2gaQKBgQDF\nDL+Beja1xL7rcVjAW5EXvH2VJlsk+QjWuNmIZB8vsL/QfNyDvZSsXT4a6Nnlq/M3\nzqZgrOLOVZnbnx8v6Hfk9vVwanoCkBppO35BO5FoZOKxBAGAsODjf8Ebr6AWwpYA\nJG88RURqDVNk4nIHHo9mbEVT6ZqBUVmx2TBnKACq9wKBgEJs0yawWVnNByQT6gBu\nL1xyFQTGzoL0jZW4ZCHQcGmpWr/j0nv9zKAcu8Cef0nzB2SoV5Zcb5m4MT6RbDNa\nh3iqPBeK9Qjr3YsjJ7j6gehBHZ3RBx6Bk+hBdZbYixEYvq931m1QZi1iDy2yJqZ7\nAsrIfzL4zV/KetjUnphkEEhH\n-----END PRIVATE KEY-----\n",
            "public_key_fingerprint_md5": "c6:60:7e:6f:fc:6a:77:16:71:40:af:30:f4:d9:85:e2",
            "public_key_fingerprint_sha256": "SHA256:QNI+Q83ME39dfJRGqDgt1gBa4r9ln4z79XD7zNinOyY",
            "public_key_openssh": "ssh-rsa AAAAB3NzaC1yc2EAAAADAQABAAABAQC9YLoX+xKsC1XveiRrnx/jfhkONpV5fPVqb6tHnhYpePDSWFS66rmJHesusN7lsBOu0ShEO6zlvB1Jjk3YGQE5ydD7UmBcUqA12mSyUb+Q+PQEtnQFimkQrc1T9YktRpfiLkEXIgbsaKm0Cka/BeLEyZjxullxibb8ClMCizCrX4uXKihVqIKHxQmRZ4nOog07MGxIT8LQg42sV6koMt/pFlhc0xCurzA0/VGIssH5vM5DlW+Bc/Vkv7GWPRM4JGs+1FjfVAMQZHcT4fitTxTN9Ni4loV0JQFrHUlp85PXVJdwzHpNS2Bx0aDj3XVXKFDpegnedxTw1gyDCQgpLY35\n",
            "public_key_pem": "-----BEGIN PUBLIC KEY-----\nMIIBIjANBgkqhkiG9w0BAQEFAAOCAQ8AMIIBCgKCAQEAvWC6F/sSrAtV73oka58f\n434ZDjaVeXz1am+rR54WKXjw0lhUuuq5iR3rLrDe5bATrtEoRDus5bwdSY5N2BkB\nOcnQ+1JgXFKgNdpkslG/kPj0BLZ0BYppEK3NU/WJLUaX4i5BFyIG7GiptApGvwXi\nxMmY8bpZcYm2/ApTAoswq1+LlyooVaiCh8UJkWeJzqINOzBsSE/C0IONrFepKDLf\n6RZYXNMQrq8wNP1RiLLB+bzOQ5VvgXP1ZL+xlj0TOCRrPtRY31QDEGR3E+H4rU8U\nzfTYuJaFdCUBax1JafOT11SXcMx6TUtgcdGg4911VyhQ6XoJ3ncU8NYMgwkIKS2N\n+QIDAQAB\n-----END PUBLIC KEY-----\n",
            "rsa_bits": 2048
          },
          "sensitive_attributes": [
            [
              {
                "type": "get_attr",
                "value": "private_key_pem_pkcs8"
              }
            ],
            [
              {
                "type": "get_attr",
                "value": "private_key_pem"
              }
            ],
            [
              {
                "type": "get_attr",
                "value": "private_key_openssh"
              }
            ]
          ]
        }
      ]
    },
    {
      "module": "module.rds",
      "mode": "managed",
      "type": "aws_db_instance",
      "name": "rds_instance",
      "provider": "provider[\"registry.terraform.io/hashicorp/aws\"]",
      "instances": [
        {
          "schema_version": 2,
          "attributes": {
            "address": "my-rds-instance.cjevyrlxsh7q.us-east-1.rds.amazonaws.com",
            "allocated_storage": 20,
            "allow_major_version_upgrade": null,
            "apply_immediately": false,
            "arn": "arn:aws:rds:us-east-1:119725011279:db:my-rds-instance",
            "auto_minor_version_upgrade": true,
            "availability_zone": "us-east-1b",
            "backup_retention_period": 0,
            "backup_target": "region",
            "backup_window": "08:32-09:02",
            "blue_green_update": [],
            "ca_cert_identifier": "rds-ca-rsa2048-g1",
            "character_set_name": "",
            "copy_tags_to_snapshot": false,
            "custom_iam_instance_profile": "",
            "customer_owned_ip_enabled": false,
            "db_name": "wordpress_db",
            "db_subnet_group_name": "rds-subnet-group",
            "dedicated_log_volume": false,
            "delete_automated_backups": true,
            "deletion_protection": false,
            "domain": "",
            "domain_auth_secret_arn": "",
            "domain_dns_ips": null,
            "domain_fqdn": "",
            "domain_iam_role_name": "",
            "domain_ou": "",
            "enabled_cloudwatch_logs_exports": null,
            "endpoint": "my-rds-instance.cjevyrlxsh7q.us-east-1.rds.amazonaws.com:3306",
            "engine": "mysql",
            "engine_lifecycle_support": "open-source-rds-extended-support",
            "engine_version": "8.0",
            "engine_version_actual": "8.0.39",
            "final_snapshot_identifier": "my-final-snapshot",
            "hosted_zone_id": "Z2R2ITUGPM61AM",
            "iam_database_authentication_enabled": false,
            "id": "db-S4446OT2C2PLQOVJ4PGNDEOAJQ",
            "identifier": "my-rds-instance",
            "identifier_prefix": "",
            "instance_class": "db.t3.micro",
            "iops": 0,
            "kms_key_id": "",
            "latest_restorable_time": "",
            "license_model": "general-public-license",
            "listener_endpoint": [],
            "maintenance_window": "wed:10:01-wed:10:31",
            "manage_master_user_password": null,
            "master_user_secret": [],
            "master_user_secret_kms_key_id": null,
            "max_allocated_storage": 0,
            "monitoring_interval": 0,
            "monitoring_role_arn": "",
            "multi_az": false,
            "nchar_character_set_name": "",
            "network_type": "IPV4",
            "option_group_name": "default:mysql-8-0",
            "parameter_group_name": "default.mysql8.0",
            "password": "ricky1049",
            "performance_insights_enabled": false,
            "performance_insights_kms_key_id": "",
            "performance_insights_retention_period": 0,
            "port": 3306,
            "publicly_accessible": false,
            "replica_mode": "",
            "replicas": [],
            "replicate_source_db": "",
            "resource_id": "db-S4446OT2C2PLQOVJ4PGNDEOAJQ",
            "restore_to_point_in_time": [],
            "s3_import": [],
            "skip_final_snapshot": true,
            "snapshot_identifier": null,
            "status": "available",
            "storage_encrypted": false,
            "storage_throughput": 0,
            "storage_type": "gp2",
            "tags": {
              "Name": "RDS Instance"
            },
            "tags_all": {
              "Name": "RDS Instance"
            },
            "timeouts": null,
            "timezone": "",
            "upgrade_storage_config": null,
            "username": "ricky",
            "vpc_security_group_ids": [
              "sg-0007ee200d85bf094"
            ]
          },
          "sensitive_attributes": [
            [
              {
                "type": "get_attr",
                "value": "password"
              }
            ]
          ],
          "private": "eyJlMmJmYjczMC1lY2FhLTExZTYtOGY4OC0zNDM2M2JjN2M0YzAiOnsiY3JlYXRlIjoyNDAwMDAwMDAwMDAwLCJkZWxldGUiOjM2MDAwMDAwMDAwMDAsInVwZGF0ZSI6NDgwMDAwMDAwMDAwMH0sInNjaGVtYV92ZXJzaW9uIjoiMiJ9",
          "dependencies": [
            "module.myvpc.aws_subnet.private1",
            "module.myvpc.aws_subnet.private2",
            "module.myvpc.aws_vpc.this",
            "module.rds.aws_db_subnet_group.rds_subnet_group",
            "module.rds.aws_security_group.rds_security_group"
          ]
        }
      ]
    },
    {
      "module": "module.rds",
      "mode": "managed",
      "type": "aws_db_subnet_group",
      "name": "rds_subnet_group",
      "provider": "provider[\"registry.terraform.io/hashicorp/aws\"]",
      "instances": [
        {
          "schema_version": 0,
          "attributes": {
            "arn": "arn:aws:rds:us-east-1:119725011279:subgrp:rds-subnet-group",
            "description": "Managed by Terraform",
            "id": "rds-subnet-group",
            "name": "rds-subnet-group",
            "name_prefix": "",
            "subnet_ids": [
              "subnet-012cbeef792b827ce",
              "subnet-07b70ecba58ab778e"
            ],
            "supported_network_types": [
              "IPV4"
            ],
            "tags": null,
            "tags_all": {},
            "vpc_id": "vpc-08134895f7970510f"
          },
          "sensitive_attributes": [],
          "private": "bnVsbA==",
          "dependencies": [
            "module.myvpc.aws_subnet.private1",
            "module.myvpc.aws_subnet.private2",
            "module.myvpc.aws_vpc.this"
          ]
        }
      ]
    },
    {
      "module": "module.rds",
      "mode": "managed",
      "type": "aws_security_group",
      "name": "rds_security_group",
      "provider": "provider[\"registry.terraform.io/hashicorp/aws\"]",
      "instances": [
        {
          "schema_version": 1,
          "attributes": {
            "arn": "arn:aws:ec2:us-east-1:119725011279:security-group/sg-0007ee200d85bf094",
            "description": "Security group for RDS instance",
            "egress": [],
            "id": "sg-0007ee200d85bf094",
            "ingress": [
              {
                "cidr_blocks": [
                  "10.100.0.0/16"
                ],
                "description": "",
                "from_port": 3306,
                "ipv6_cidr_blocks": [],
                "prefix_list_ids": [],
                "protocol": "tcp",
                "security_groups": [],
                "self": false,
                "to_port": 3306
              }
            ],
            "name": "rds-security-group",
            "name_prefix": "",
            "owner_id": "119725011279",
            "revoke_rules_on_delete": false,
            "tags": {
              "Name": "RDS Security Group"
            },
            "tags_all": {
              "Name": "RDS Security Group"
            },
            "timeouts": null,
            "vpc_id": "vpc-08134895f7970510f"
          },
          "sensitive_attributes": [],
          "private": "eyJlMmJmYjczMC1lY2FhLTExZTYtOGY4OC0zNDM2M2JjN2M0YzAiOnsiY3JlYXRlIjo2MDAwMDAwMDAwMDAsImRlbGV0ZSI6OTAwMDAwMDAwMDAwfSwic2NoZW1hX3ZlcnNpb24iOiIxIn0=",
          "dependencies": [
            "module.myvpc.aws_vpc.this"
          ]
        }
      ]
    }
  ],
  "check_results": null
}
